
Microsoft Visual Studio Solution File, Format Version 12.00
# Visual Studio 15
VisualStudioVersion = 15.0.28307.271
MinimumVisualStudioVersion = 10.0.40219.1
Project("{159641D6-6404-4A2A-AE62-294DE0FE8301}") = "SharePointTest", "SharePointTest\SharePointTest.dtproj", "{19EC5072-0A23-4173-9493-6E1D88817FD1}"
EndProject
Global
	GlobalSection(SolutionConfigurationPlatforms) = preSolution
		Development|Default = Development|Default
	EndGlobalSection
	GlobalSection(ProjectConfigurationPlatforms) = postSolution
		{19EC5072-0A23-4173-9493-6E1D88817FD1}.Development|Default.ActiveCfg = Development
		{19EC5072-0A23-4173-9493-6E1D88817FD1}.Development|Default.Build.0 = Development
	EndGlobalSection
	GlobalSection(SolutionProperties) = preSolution
		HideSolutionNode = FALSE
	EndGlobalSection
	GlobalSection(ExtensibilityGlobals) = postSolution
		SolutionGuid = {EF1EB75C-BD76-4CC5-A196-F5CB6FDAAE32}
	EndGlobalSection
EndGlobal
